# This file was autogenerated by uv via the following command:
#    uv export -o requirements-runtime.lock --no-dev --no-emit-project --no-hashes
aiofiles==25.1.0
    # via lightrag-hku
aiohappyeyeballs==2.7.1
    # via aiohttp
aiohttp==3.14.3
    # via lightrag-hku
aiosignal==1.4.0
    # via aiohttp
annotated-doc==0.0.5
    # via
    #   fastapi
    #   typer
annotated-types==0.8.0
    # via
    #   opa
    #   pydantic
anyio==4.14.2
    # via
    #   google-genai
    #   httpx
    #   opa
    #   openai
    #   starlette
apprc==0.19.5
    # via
    #   dmw-experiments
    #   haiu
argon2-cffi==25.1.0
    # via datamodel-workflow
argon2-cffi-bindings==25.1.0
    # via argon2-cffi
ascii-colors==0.11.26
    # via
    #   lightrag-hku
    #   pipmaster
asttokens==3.0.2
    # via stack-data
asyncio==4.0.0
    # via mongodbapi
attrs==26.1.0
    # via
    #   aiohttp
    #   cattrs
    #   dkpro-cassis
    #   requests-cache
backoff==2.2.1
    # via
    #   gta
    #   opa
bcrypt==5.0.0
    # via lightrag-hku
beautifulsoup4==4.15.0
    # via rg-ontology-processor
bidict==0.23.1
    # via python-socketio
black==26.5.1
    # via mongodbapi
build==1.5.0
    # via dmw-experiments
cattrs==26.1.0
    # via requests-cache
certifi==2026.7.22
    # via
    #   httpcore
    #   httpx
    #   opa
    #   requests
cffi==2.1.1
    # via
    #   argon2-cffi-bindings
    #   cryptography
charset-normalizer==3.4.9
    # via requests
click==8.4.2
    # via
    #   black
    #   huggingface-hub
    #   uvicorn
colorama==0.4.6 ; os_name == 'nt' or sys_platform == 'win32'
    # via
    #   build
    #   click
    #   ipython
    #   pytest
    #   tqdm
    #   typer
configparser==7.2.0
    # via lightrag-hku
contourpy==1.3.3
    # via matplotlib
cryptography==50.0.0
    # via
    #   google-auth
    #   python-jose
cuda-bindings==13.3.1 ; sys_platform == 'linux'
    # via torch
cuda-pathfinder==1.6.0 ; sys_platform == 'linux'
    # via cuda-bindings
cuda-toolkit==13.0.3.0 ; sys_platform == 'linux'
    # via torch
cycler==0.12.1
    # via matplotlib
datamodel-workflow @ git+https://github.com/HisQu/datamodel-workflow.git@ee5487964186c99a5140203c5ade42f6fcab4b7a
    # via dmw-experiments
deprecation==2.1.0
    # via dkpro-cassis
distro==1.9.0
    # via
    #   google-genai
    #   lightrag-hku
    #   opa
    #   openai
dkpro-cassis==0.11.1
    # via ner
dnspython==2.8.0
    # via
    #   email-validator
    #   pymongo
docstring-parser==0.18.0
    # via tyro
ecdsa==0.19.2
    # via python-jose
email-validator==2.3.0
    # via
    #   mongodbapi
    #   pydantic
embedding @ git+https://github.com/HisQu/Embedding.git@bd7b237879b55507b2f5c68a9672ad46997461c8
    # via opa
et-xmlfile==2.0.0
    # via openpyxl
executing==2.2.1
    # via stack-data
faiss-cpu==1.15.0
    # via
    #   embedding
    #   ner
    #   opa
fastapi==0.141.1
    # via
    #   datamodel-workflow
    #   lightrag-hku
filelock==3.32.2
    # via
    #   haiu
    #   huggingface-hub
    #   torch
fonttools==4.63.0
    # via matplotlib
frozenlist==1.8.0
    # via
    #   aiohttp
    #   aiosignal
fsspec==2026.7.0
    # via
    #   huggingface-hub
    #   torch
google-ai-generativelanguage==0.6.15
    # via google-generativeai
google-api-core==2.25.2
    # via
    #   google-ai-generativelanguage
    #   google-api-python-client
    #   google-generativeai
    #   lightrag-hku
    #   opa
google-api-python-client==2.198.0
    # via google-generativeai
google-auth==2.56.3
    # via
    #   google-ai-generativelanguage
    #   google-api-core
    #   google-api-python-client
    #   google-auth-httplib2
    #   google-genai
    #   google-generativeai
    #   opa
google-auth-httplib2==0.4.1
    # via google-api-python-client
google-genai==1.75.0
    # via
    #   gta
    #   lightrag-hku
google-generativeai==0.8.6
    # via opa
googleapis-common-protos==1.75.0
    # via
    #   google-api-core
    #   grpcio-status
grpcio==1.83.0
    # via
    #   google-api-core
    #   grpcio-status
grpcio-status==1.71.2
    # via google-api-core
gta @ git+https://github.com/HisQu/GTA.git@59f8667bae3a16e057aa9188253e064133b03b5a
    # via
    #   datamodel-workflow
    #   dmw-experiments
    #   ner
    #   opa
gunicorn==26.0.0
    # via lightrag-hku
h11==0.16.0
    # via
    #   httpcore
    #   opa
    #   uvicorn
    #   wsproto
haiu @ git+https://github.com/HisQu/haiu.git@e95097c382a71bc8442d2ec7231bc9b4c66b19e9
    # via
    #   dmw-experiments
    #   opa
hf-xet==1.6.0 ; platform_machine == 'AMD64' or platform_machine == 'aarch64' or platform_machine == 'amd64' or platform_machine == 'arm64' or platform_machine == 'x86_64'
    # via huggingface-hub
holylog @ git+https://github.com/HisQu/holylog.git@db9442d6b9d9ebcf3e0feefc398359339ea61c2c
    # via haiu
httpcore==1.0.9
    # via
    #   httpx
    #   lightrag-hku
    #   opa
httplib2==0.32.0
    # via
    #   google-api-python-client
    #   google-auth-httplib2
httpx==0.28.1
    # via
    #   google-genai
    #   haiu
    #   huggingface-hub
    #   lightrag-hku
    #   opa
    #   openai
huggingface-hub==1.26.1
    # via
    #   sentence-transformers
    #   tokenizers
    #   transformers
idna==3.18
    # via
    #   anyio
    #   email-validator
    #   httpx
    #   opa
    #   requests
    #   url-normalize
    #   yarl
importlib-resources==6.5.2
    # via dkpro-cassis
iniconfig==2.3.0
    # via pytest
ipython==9.16.1
    # via pyvis
ipython-pygments-lexers==1.1.1
    # via ipython
jedi==0.20.0
    # via ipython
jinja2==3.1.6
    # via
    #   pyvis
    #   torch
jiter==0.16.0
    # via
    #   lightrag-hku
    #   opa
    #   openai
joblib==1.5.3
    # via scikit-learn
json-repair==0.62.0
    # via lightrag-hku
jsonpickle==4.1.2
    # via pyvis
kiwisolver==1.5.0
    # via matplotlib
lightrag-hku==1.4.9.11
    # via haiu
linkify-it-py==2.1.0
    # via markdown-it-py
lxml==6.1.1
    # via
    #   dkpro-cassis
    #   embedding
    #   python-docx
    #   python-pptx
markdown-it-py==4.2.0
    # via
    #   mdit-py-plugins
    #   rich
    #   textual
markupsafe==3.0.3
    # via
    #   jinja2
    #   werkzeug
matplotlib==3.11.1
    # via
    #   dmw-experiments
    #   embedding
    #   haiu
    #   seaborn
matplotlib-inline==0.2.2
    # via ipython
mdit-py-plugins==0.6.1
    # via textual
mdurl==0.1.2
    # via markdown-it-py
mongodbapi @ git+https://github.com/HisQu/MongoDBAPI.git@c93afb09f7eb36bb1e22f9a6a9f2db7a727322bf
    # via
    #   datamodel-workflow
    #   dmw-experiments
    #   embedding
    #   ner
    #   opa
more-itertools==10.8.0
    # via dkpro-cassis
motor==3.7.1
    # via mongodbapi
mpmath==1.3.0
    # via sympy
multidict==6.7.1
    # via
    #   aiohttp
    #   yarl
mypy-extensions==1.1.0
    # via black
nano-vectordb==0.0.4.3
    # via lightrag-hku
narwhals==2.24.0
    # via scikit-learn
ner @ git+https://github.com/HisQu/NER.git@9d1b8aaf8fe897459a8851493b2e2a51cf9635c0
    # via datamodel-workflow
networkx==3.6.1
    # via
    #   lightrag-hku
    #   pyvis
    #   torch
numpy==2.5.1
    # via
    #   contourpy
    #   dmw-experiments
    #   embedding
    #   faiss-cpu
    #   haiu
    #   lightrag-hku
    #   matplotlib
    #   nano-vectordb
    #   opa
    #   pandas
    #   scikit-learn
    #   scipy
    #   seaborn
    #   sentence-transformers
    #   transformers
nvidia-cublas==13.1.1.3 ; sys_platform == 'linux'
    # via
    #   cuda-toolkit
    #   nvidia-cudnn-cu13
    #   nvidia-cusolver
nvidia-cuda-cupti==13.0.85 ; (platform_machine == 'aarch64' and sys_platform == 'linux') or (platform_machine == 'x86_64' and sys_platform == 'linux')
    # via cuda-toolkit
nvidia-cuda-nvrtc==13.0.88 ; sys_platform == 'linux'
    # via
    #   cuda-toolkit
    #   nvidia-cublas
nvidia-cuda-runtime==13.0.96 ; (platform_machine == 'aarch64' and sys_platform == 'linux') or (platform_machine == 'x86_64' and sys_platform == 'linux')
    # via cuda-toolkit
nvidia-cudnn-cu13==9.20.0.48 ; sys_platform == 'linux'
    # via torch
nvidia-cufft==12.0.0.61 ; (platform_machine == 'aarch64' and sys_platform == 'linux') or (platform_machine == 'x86_64' and sys_platform == 'linux')
    # via cuda-toolkit
nvidia-cufile==1.15.1.6 ; (platform_machine == 'aarch64' and sys_platform == 'linux') or (platform_machine == 'x86_64' and sys_platform == 'linux')
    # via cuda-toolkit
nvidia-curand==10.4.0.35 ; (platform_machine == 'aarch64' and sys_platform == 'linux') or (platform_machine == 'x86_64' and sys_platform == 'linux')
    # via cuda-toolkit
nvidia-cusolver==12.0.4.66 ; (platform_machine == 'aarch64' and sys_platform == 'linux') or (platform_machine == 'x86_64' and sys_platform == 'linux')
    # via cuda-toolkit
nvidia-cusparse==12.6.3.3 ; (platform_machine == 'aarch64' and sys_platform == 'linux') or (platform_machine == 'x86_64' and sys_platform == 'linux')
    # via
    #   cuda-toolkit
    #   nvidia-cusolver
nvidia-cusparselt-cu13==0.8.1 ; sys_platform == 'linux'
    # via torch
nvidia-nccl-cu13==2.29.7 ; sys_platform == 'linux'
    # via torch
nvidia-nvjitlink==13.3.33 ; (platform_machine == 'aarch64' and sys_platform == 'linux') or (platform_machine == 'x86_64' and sys_platform == 'linux')
    # via
    #   cuda-toolkit
    #   nvidia-cufft
    #   nvidia-cusolver
    #   nvidia-cusparse
nvidia-nvshmem-cu13==3.4.5 ; sys_platform == 'linux'
    # via torch
nvidia-nvtx==13.0.85 ; (platform_machine == 'aarch64' and sys_platform == 'linux') or (platform_machine == 'x86_64' and sys_platform == 'linux')
    # via cuda-toolkit
ontology-merging @ git+https://github.com/HisQu/ontology-merging.git@d9893887a11f269b5c4b7e323c2e5fad98ba5661
    # via datamodel-workflow
opa @ git+https://github.com/HisQu/OPA.git@09756446367ca323c5a55ec921d1325e57eb271e
    # via
    #   datamodel-workflow
    #   dmw-experiments
openai==2.53.0
    # via
    #   gta
    #   haiu
    #   lightrag-hku
    #   opa
openpyxl==3.1.5
    # via
    #   dmw-experiments
    #   haiu
    #   lightrag-hku
    #   rg-ontology-processor
packaging==26.3
    # via
    #   black
    #   build
    #   deprecation
    #   faiss-cpu
    #   gunicorn
    #   huggingface-hub
    #   matplotlib
    #   pipmaster
    #   pytest
    #   transformers
pandas==2.3.3
    # via
    #   dmw-experiments
    #   embedding
    #   haiu
    #   lightrag-hku
    #   opa
    #   rg-ontology-processor
    #   seaborn
parso==0.8.7
    # via jedi
pathspec==1.1.1
    # via black
pexpect==4.9.0 ; sys_platform != 'emscripten' and sys_platform != 'win32'
    # via ipython
pillow==12.3.0
    # via
    #   haiu
    #   matplotlib
    #   python-pptx
pipmaster==1.1.13
    # via lightrag-hku
platformdirs==4.11.0
    # via
    #   apprc
    #   black
    #   requests-cache
    #   textual
pluggy==1.6.0
    # via pytest
prompt-toolkit==3.0.53
    # via ipython
propcache==0.5.2
    # via
    #   aiohttp
    #   yarl
proto-plus==1.28.2
    # via
    #   google-ai-generativelanguage
    #   google-api-core
protobuf==5.29.6
    # via
    #   google-ai-generativelanguage
    #   google-api-core
    #   google-generativeai
    #   googleapis-common-protos
    #   grpcio-status
    #   proto-plus
psutil==7.2.2
    # via
    #   ipython
    #   lightrag-hku
ptyprocess==0.7.0 ; sys_platform != 'emscripten' and sys_platform != 'win32'
    # via pexpect
pure-eval==0.2.3
    # via stack-data
py-yaml12==0.1.0
    # via haiu
pyasn1==0.6.4
    # via
    #   pyasn1-modules
    #   python-jose
    #   rsa
pyasn1-modules==0.4.2
    # via google-auth
pycparser==3.0 ; implementation_name != 'PyPy'
    # via cffi
pycryptodome==3.23.0
    # via lightrag-hku
pydantic==2.13.4
    # via
    #   datamodel-workflow
    #   fastapi
    #   google-genai
    #   google-generativeai
    #   lightrag-hku
    #   mongodbapi
    #   opa
    #   openai
pydantic-core==2.46.4
    # via
    #   opa
    #   pydantic
pygments==2.20.0
    # via
    #   ipython
    #   ipython-pygments-lexers
    #   pytest
    #   rich
    #   textual
pyjwt==2.13.0
    # via lightrag-hku
pymongo==4.17.0
    # via
    #   datamodel-workflow
    #   mongodbapi
    #   motor
pyparsing==3.3.2
    # via
    #   httplib2
    #   matplotlib
    #   rdflib
pypdf==6.15.0
    # via lightrag-hku
pypinyin==0.55.0
    # via lightrag-hku
pyproject-hooks==1.2.0
    # via build
pytest==9.1.1
    # via
    #   pytest-asyncio
    #   rg-ontology-processor
pytest-asyncio==1.4.0
    # via
    #   mongodbapi
    #   opa
python-dateutil==2.9.0.post0
    # via
    #   matplotlib
    #   pandas
python-docx==1.2.0
    # via lightrag-hku
python-dotenv==1.2.2
    # via
    #   apprc
    #   datamodel-workflow
    #   gta
    #   haiu
    #   lightrag-hku
    #   mongodbapi
    #   opa
    #   typed-settings
python-engineio==4.13.4
    # via python-socketio
python-jose==3.5.0
    # via
    #   datamodel-workflow
    #   lightrag-hku
    #   mongodbapi
python-multipart==0.0.32
    # via lightrag-hku
python-pptx==1.0.2
    # via lightrag-hku
python-socketio==5.16.3
    # via datamodel-workflow
pytokens==0.4.1
    # via black
pytz==2026.3.post1
    # via
    #   lightrag-hku
    #   pandas
pyvis==0.3.2
    # via haiu
pyyaml==6.0.3
    # via
    #   datamodel-workflow
    #   huggingface-hub
    #   ontology-merging
    #   transformers
rapidfuzz==3.14.5
    # via
    #   haiu
    #   ontology-merging
rdflib==7.6.0
    # via
    #   datamodel-workflow
    #   dmw-experiments
    #   haiu
    #   ontology-merging
    #   rg-ontology-processor
regex==2026.7.19
    # via
    #   tiktoken
    #   transformers
requests==2.34.2
    # via
    #   datamodel-workflow
    #   google-api-core
    #   google-auth
    #   google-genai
    #   haiu
    #   requests-cache
    #   resend
    #   rg-ontology-processor
    #   tiktoken
requests-cache==1.3.3
    # via datamodel-workflow
resend==2.35.0
    # via datamodel-workflow
rg-ontology-processor @ git+https://github.com/HisQu/Ontology-Development.git@87c48afdbaff2ccdb2b22da36e1807d06dd694b1
    # via datamodel-workflow
rich==15.0.0
    # via
    #   apprc
    #   haiu
    #   holylog
    #   ner
    #   textual
    #   typer
rsa==4.9.1
    # via python-jose
ruamel-yaml==0.19.1
    # via rg-ontology-processor
safetensors==0.8.0
    # via transformers
scikit-learn==1.9.0
    # via
    #   embedding
    #   opa
    #   sentence-transformers
scipy==1.18.0
    # via
    #   scikit-learn
    #   sentence-transformers
seaborn==0.13.2
    # via
    #   dmw-experiments
    #   haiu
sentence-transformers==5.7.0
    # via
    #   embedding
    #   ner
    #   opa
setuptools==83.0.0
    # via
    #   lightrag-hku
    #   torch
shellingham==1.5.4
    # via typer
simple-websocket==1.1.0
    # via python-engineio
six==1.17.0
    # via
    #   ecdsa
    #   python-dateutil
sniffio==1.3.1
    # via
    #   google-genai
    #   opa
    #   openai
sortedcontainers==2.4.0
    # via dkpro-cassis
soupsieve==2.9.1
    # via beautifulsoup4
stack-data==0.6.3
    # via ipython
starlette==1.4.1
    # via fastapi
structlog==26.1.0
    # via holylog
sympy==1.14.0
    # via torch
tabulate==0.10.0
    # via haiu
tenacity==9.1.4
    # via
    #   google-genai
    #   haiu
    #   lightrag-hku
textual==8.2.8
    # via apprc
threadpoolctl==3.6.0
    # via scikit-learn
tiktoken==0.13.0
    # via
    #   haiu
    #   lightrag-hku
tokenizers==0.22.2
    # via
    #   sentence-transformers
    #   transformers
toposort==1.10
    # via dkpro-cassis
torch==2.13.0
    # via sentence-transformers
tqdm==4.70.0
    # via
    #   google-generativeai
    #   huggingface-hub
    #   opa
    #   openai
    #   sentence-transformers
    #   transformers
traitlets==5.16.1
    # via
    #   ipython
    #   matplotlib-inline
transformers==5.14.1
    # via
    #   haiu
    #   sentence-transformers
triton==3.7.1 ; sys_platform == 'linux'
    # via torch
typed-settings==25.3.0
    # via apprc
typeguard==4.6.0
    # via tyro
typer==0.27.1
    # via
    #   apprc
    #   dmw-experiments
    #   haiu
    #   rg-ontology-processor
    #   transformers
typing-extensions==4.16.0
    # via
    #   aiohttp
    #   aiosignal
    #   anyio
    #   beautifulsoup4
    #   cattrs
    #   fastapi
    #   google-genai
    #   google-generativeai
    #   grpcio
    #   huggingface-hub
    #   opa
    #   openai
    #   pydantic
    #   pydantic-core
    #   pytest-asyncio
    #   python-docx
    #   python-pptx
    #   resend
    #   sentence-transformers
    #   starlette
    #   textual
    #   torch
    #   typeguard
    #   typing-inspection
    #   tyro
typing-inspection==0.4.2
    # via
    #   fastapi
    #   pydantic
tyro==1.0.15
    # via
    #   haiu
    #   opa
tzdata==2026.3
    # via pandas
uc-micro-py==2.0.0
    # via linkify-it-py
uritemplate==4.2.0
    # via google-api-python-client
url-normalize==3.0.0
    # via requests-cache
urllib3==2.7.0
    # via
    #   requests
    #   requests-cache
uv==0.12.2
    # via datamodel-workflow
uvicorn==0.52.1
    # via
    #   datamodel-workflow
    #   lightrag-hku
wcwidth==0.8.2
    # via
    #   ascii-colors
    #   prompt-toolkit
websockets==16.1.1
    # via google-genai
werkzeug==3.1.8
    # via
    #   datamodel-workflow
    #   mongodbapi
wsproto==1.3.2
    # via simple-websocket
xlsxwriter==3.2.9
    # via
    #   dmw-experiments
    #   haiu
    #   lightrag-hku
    #   python-pptx
yarl==1.24.5
    # via aiohttp
